
Microsoft Visual Studio Solution File, Format Version 12.00
# Visual Studio Version 17
VisualStudioVersion = 17.5.33627.172
MinimumVisualStudioVersion = 10.0.40219.1
Project("{FAE04EC0-301F-11D3-BF4B-00C04F79EFBC}") = "ConsoleApp1", "ConsoleApp1.csproj", "{71DC31B1-3352-413A-995A-12CFCFFACAFF}"
EndProject
Global
	GlobalSection(SolutionConfigurationPlatforms) = preSolution
		Debug|Any CPU = Debug|Any CPU
		Release|Any CPU = Release|Any CPU
	EndGlobalSection
	GlobalSection(ProjectConfigurationPlatforms) = postSolution
		{71DC31B1-3352-413A-995A-12CFCFFACAFF}.Debug|Any CPU.ActiveCfg = Debug|Any CPU
		{71DC31B1-3352-413A-995A-12CFCFFACAFF}.Debug|Any CPU.Build.0 = Debug|Any CPU
		{71DC31B1-3352-413A-995A-12CFCFFACAFF}.Release|Any CPU.ActiveCfg = Release|Any CPU
		{71DC31B1-3352-413A-995A-12CFCFFACAFF}.Release|Any CPU.Build.0 = Release|Any CPU
	EndGlobalSection
	GlobalSection(SolutionProperties) = preSolution
		HideSolutionNode = FALSE
	EndGlobalSection
	GlobalSection(ExtensibilityGlobals) = postSolution
		SolutionGuid = {DDA67F87-9729-480A-BFD3-4085883A41E4}
	EndGlobalSection
EndGlobal
